Microsoft Visual Studio Solution File, Format Version 12.00
# Visual Studio Version 17
VisualStudioVersion = 17.1.32328.378
MinimumVisualStudioVersion = 10.0.40219.1
Project("{9A19103F-16F7-4668-BE54-9A1E7A4F7556}") = "TestServer", "TestServer\TestServer.csproj", "{D4C84344-24D5-46AE-AEC5-29F5BD320401}"
	ProjectSection(ProjectDependencies) = postProject
		{96A4DCF5-4540-4D23-AB5F-78D1FB78FB04} = {96A4DCF5-4540-4D23-AB5F-78D1FB78FB04}
	EndProjectSection
EndProject
Project("{9A19103F-16F7-4668-BE54-9A1E7A4F7556}") = "DataExchangeNET6", "DataExchangeNET6\DataExchangeNET6.csproj", "{96A4DCF5-4540-4D23-AB5F-78D1FB78FB04}"
EndProject
Project("{9A19103F-16F7-4668-BE54-9A1E7A4F7556}") = "TestClient", "TestClient\TestClient.csproj", "{BE56D082-871E-47BE-B881-6AD815066440}"
EndProject
Project("{9A19103F-16F7-4668-BE54-9A1E7A4F7556}") = "TestClientServer", "ClientServer\TestClientServer.csproj", "{1EBD05AA-0A91-4ECB-ADCE-7CBCB7B7E0A7}"
EndProject
Global
	GlobalSection(SolutionConfigurationPlatforms) = preSolution
		Debug|Any CPU = Debug|Any CPU
		Release|Any CPU = Release|Any CPU
	EndGlobalSection
	GlobalSection(ProjectConfigurationPlatforms) = postSolution
		{D4C84344-24D5-46AE-AEC5-29F5BD320401}.Debug|Any CPU.ActiveCfg = Debug|Any CPU
		{D4C84344-24D5-46AE-AEC5-29F5BD320401}.Debug|Any CPU.Build.0 = Debug|Any CPU
		{D4C84344-24D5-46AE-AEC5-29F5BD320401}.Release|Any CPU.ActiveCfg = Release|Any CPU
		{D4C84344-24D5-46AE-AEC5-29F5BD320401}.Release|Any CPU.Build.0 = Release|Any CPU
		{96A4DCF5-4540-4D23-AB5F-78D1FB78FB04}.Debug|Any CPU.ActiveCfg = Debug|Any CPU
		{96A4DCF5-4540-4D23-AB5F-78D1FB78FB04}.Debug|Any CPU.Build.0 = Debug|Any CPU
		{96A4DCF5-4540-4D23-AB5F-78D1FB78FB04}.Release|Any CPU.ActiveCfg = Release|Any CPU
		{96A4DCF5-4540-4D23-AB5F-78D1FB78FB04}.Release|Any CPU.Build.0 = Release|Any CPU
		{BE56D082-871E-47BE-B881-6AD815066440}.Debug|Any CPU.ActiveCfg = Debug|Any CPU
		{BE56D082-871E-47BE-B881-6AD815066440}.Debug|Any CPU.Build.0 = Debug|Any CPU
		{BE56D082-871E-47BE-B881-6AD815066440}.Release|Any CPU.ActiveCfg = Release|Any CPU
		{BE56D082-871E-47BE-B881-6AD815066440}.Release|Any CPU.Build.0 = Release|Any CPU
		{1EBD05AA-0A91-4ECB-ADCE-7CBCB7B7E0A7}.Debug|Any CPU.ActiveCfg = Debug|Any CPU
		{1EBD05AA-0A91-4ECB-ADCE-7CBCB7B7E0A7}.Debug|Any CPU.Build.0 = Debug|Any CPU
		{1EBD05AA-0A91-4ECB-ADCE-7CBCB7B7E0A7}.Release|Any CPU.ActiveCfg = Release|Any CPU
		{1EBD05AA-0A91-4ECB-ADCE-7CBCB7B7E0A7}.Release|Any CPU.Build.0 = Release|Any CPU
	EndGlobalSection
	GlobalSection(SolutionProperties) = preSolution
		HideSolutionNode = FALSE
	EndGlobalSection
	GlobalSection(ExtensibilityGlobals) = postSolution
		SolutionGuid = {43613F1F-E91C-48FE-8DBF-AA6D25A86C47}
	EndGlobalSection
EndGlobal
